
Microsoft Visual Studio Solution File, Format Version 12.00
Project("{FAE04EC0-301F-11D3-BF4B-00C04F79EFBC}") = "SampleLibrary", "src\SampleLibrary\SampleLibrary.csproj", "{1B4EE947-C38B-4E61-BFCA-C24A46569610}"
EndProject
Project("{FAE04EC0-301F-11D3-BF4B-00C04F79EFBC}") = "SampleLibrary.Test", "test\SampleLibrary.Test\SampleLibrary.Test.csproj", "{7A22C53E-3A84-4297-A68D-601955D6565A}"
EndProject
Global
	GlobalSection(SolutionConfigurationPlatforms) = preSolution
		Debug|Any CPU = Debug|Any CPU
		Release|Any CPU = Release|Any CPU
	EndGlobalSection
	GlobalSection(ProjectConfigurationPlatforms) = postSolution
		{1B4EE947-C38B-4E61-BFCA-C24A46569610}.Debug|Any CPU.ActiveCfg = Debug|Any CPU
		{1B4EE947-C38B-4E61-BFCA-C24A46569610}.Debug|Any CPU.Build.0 = Debug|Any CPU
		{1B4EE947-C38B-4E61-BFCA-C24A46569610}.Release|Any CPU.ActiveCfg = Release|Any CPU
		{1B4EE947-C38B-4E61-BFCA-C24A46569610}.Release|Any CPU.Build.0 = Release|Any CPU
		{7A22C53E-3A84-4297-A68D-601955D6565A}.Debug|Any CPU.ActiveCfg = Debug|Any CPU
		{7A22C53E-3A84-4297-A68D-601955D6565A}.Debug|Any CPU.Build.0 = Debug|Any CPU
		{7A22C53E-3A84-4297-A68D-601955D6565A}.Release|Any CPU.ActiveCfg = Release|Any CPU
		{7A22C53E-3A84-4297-A68D-601955D6565A}.Release|Any CPU.Build.0 = Release|Any CPU
	EndGlobalSection
EndGlobal
